
Microsoft Visual Studio Solution File, Format Version 12.00
# Visual Studio 15
Project("{FAE04EC0-301F-11D3-BF4B-00C04F79EFBC}") = "Assembly-CSharp-firstpass", "Assembly-CSharp-firstpass.csproj", "{179DCD13-4C08-B411-4F2B-3857AA8A3C77}"
EndProject
Project("{FAE04EC0-301F-11D3-BF4B-00C04F79EFBC}") = "Assembly-CSharp", "Assembly-CSharp.csproj", "{FC752F15-3B3A-C24A-7476-5C8083252B9E}"
EndProject
Project("{FAE04EC0-301F-11D3-BF4B-00C04F79EFBC}") = "Assembly-CSharp-Editor-firstpass", "Assembly-CSharp-Editor-firstpass.csproj", "{4DBBB44D-CB3A-92BB-92B4-BB0CBFD75595}"
EndProject
Global
	GlobalSection(SolutionConfigurationPlatforms) = preSolution
		Debug|Any CPU = Debug|Any CPU
		Release|Any CPU = Release|Any CPU
	EndGlobalSection
	GlobalSection(ProjectConfigurationPlatforms) = postSolution
		{179DCD13-4C08-B411-4F2B-3857AA8A3C77}.Debug|Any CPU.ActiveCfg = Debug|Any CPU
		{179DCD13-4C08-B411-4F2B-3857AA8A3C77}.Debug|Any CPU.Build.0 = Debug|Any CPU
		{179DCD13-4C08-B411-4F2B-3857AA8A3C77}.Release|Any CPU.ActiveCfg = Release|Any CPU
		{179DCD13-4C08-B411-4F2B-3857AA8A3C77}.Release|Any CPU.Build.0 = Release|Any CPU
		{FC752F15-3B3A-C24A-7476-5C8083252B9E}.Debug|Any CPU.ActiveCfg = Debug|Any CPU
		{FC752F15-3B3A-C24A-7476-5C8083252B9E}.Debug|Any CPU.Build.0 = Debug|Any CPU
		{FC752F15-3B3A-C24A-7476-5C8083252B9E}.Release|Any CPU.ActiveCfg = Release|Any CPU
		{FC752F15-3B3A-C24A-7476-5C8083252B9E}.Release|Any CPU.Build.0 = Release|Any CPU
		{4DBBB44D-CB3A-92BB-92B4-BB0CBFD75595}.Debug|Any CPU.ActiveCfg = Debug|Any CPU
		{4DBBB44D-CB3A-92BB-92B4-BB0CBFD75595}.Debug|Any CPU.Build.0 = Debug|Any CPU
		{4DBBB44D-CB3A-92BB-92B4-BB0CBFD75595}.Release|Any CPU.ActiveCfg = Release|Any CPU
		{4DBBB44D-CB3A-92BB-92B4-BB0CBFD75595}.Release|Any CPU.Build.0 = Release|Any CPU
	EndGlobalSection
	GlobalSection(SolutionProperties) = preSolution
		HideSolutionNode = FALSE
	EndGlobalSection
EndGlobal
